{
    "_readme": [
        "This file locks the dependencies of your project to a known state",
        "Read more about it at https://getcomposer.org/doc/01-basic-usage.md#installing-dependencies",
        "This file is @generated automatically"
    ],
    "content-hash": "caa3dfc8bf9c6a0aac24c6f9f9033019",
    "packages": [
        {
            "name": "pejman/peji",
            "version": "v1.0.7",
            "source": {
                "type": "git",
                "url": "https://github.com/pejman-hkh/peji.git",
                "reference": "b92ad9b31b97a275f2f3e38f3cf0453c61a67dda"
            },
            "dist": {
                "type": "zip",
                "url": "https://api.github.com/repos/pejman-hkh/peji/zipball/b92ad9b31b97a275f2f3e38f3cf0453c61a67dda",
                "reference": "b92ad9b31b97a275f2f3e38f3cf0453c61a67dda",
                "shasum": ""
            },
            "type": "library",
            "autoload": {
                "psr-4": {
                    "Peji\\": "src/"
                }
            },
            "notification-url": "https://packagist.org/downloads/",
            "license": [
                "MIT"
            ],
            "authors": [
                {
                    "name": "pejman",
                    "email": "pejman.hkh@gmail.com"
                }
            ],
            "time": "2022-05-09T14:34:01+00:00"
        }
    ],
    "packages-dev": [],
    "aliases": [],
    "minimum-stability": "stable",
    "stability-flags": [],
    "prefer-stable": false,
    "prefer-lowest": false,
    "platform": [],
    "platform-dev": [],
    "plugin-api-version": "1.1.0"
}
